# This file is automatically @generated by Cargo.
# It is not intended for manual editing.
version = 4

[[package]]
name = "yi-agent"
version = "0.1.0"
dependencies = [
 "yi-agent-core",
 "yi-agent-llm",
 "yi-agent-mcp",
 "yi-agent-store",
 "yi-agent-tools",
]

[[package]]
name = "yi-agent-core"
version = "0.1.0"

[[package]]
name = "yi-agent-llm"
version = "0.1.0"
dependencies = [
 "yi-agent-core",
]

[[package]]
name = "yi-agent-mcp"
version = "0.1.0"
dependencies = [
 "yi-agent-core",
]

[[package]]
name = "yi-agent-store"
version = "0.1.0"
dependencies = [
 "yi-agent-core",
]

[[package]]
name = "yi-agent-tools"
version = "0.1.0"
dependencies = [
 "yi-agent-core",
]
