# This file is automatically @generated by Cargo.
# It is not intended for manual editing.
version = 4

[[package]]
name = "codex-core"
version = "0.1.0"

[[package]]
name = "codex-llm"
version = "0.1.0"
dependencies = [
 "codex-core",
]

[[package]]
name = "codex-mcp"
version = "0.1.0"
dependencies = [
 "codex-core",
]

[[package]]
name = "codex-rep"
version = "0.1.0"
dependencies = [
 "codex-core",
 "codex-llm",
 "codex-mcp",
 "codex-store",
 "codex-tools",
]

[[package]]
name = "codex-store"
version = "0.1.0"
dependencies = [
 "codex-core",
]

[[package]]
name = "codex-tools"
version = "0.1.0"
dependencies = [
 "codex-core",
]
